{
  "name": "mcode-list",
  "version": "0.1.3",
  "lockfileVersion": 3,
  "requires": true,
  "packages": {
    "": {
      "name": "mcode-list",
      "version": "0.1.3",
      "license": "MIT",
      "dependencies": {
        "mcode-log": "^0.1.16"
      }
    },
    "node_modules/mcode-log": {
      "version": "0.1.16",
      "resolved": "https://registry.npmjs.org/mcode-log/-/mcode-log-0.1.16.tgz",
      "integrity": "sha512-ll7q1uTJBblSz3vONt4b9BILaYED2nkNl44xkP0iixDyfM2pZSEVqv8wYPYEszCyK0+jSJ2751LKjj32Xy4Rhg=="
    }
  }
}
