{
  "name": "mcode-list",
  "version": "0.1.4",
  "lockfileVersion": 3,
  "requires": true,
  "packages": {
    "": {
      "name": "mcode-list",
      "version": "0.1.4",
      "license": "MIT",
      "dependencies": {
        "mcode-log": "^0.1.18"
      }
    },
    "node_modules/mcode-log": {
      "version": "0.1.18",
      "resolved": "https://registry.npmjs.org/mcode-log/-/mcode-log-0.1.18.tgz",
      "integrity": "sha512-hv6F2S9hxROKxqGT3wNfpYWS7PnRi9KH1ZQIZvQZDg6teHBI+gvPGcA+XhpK2qdPg5RSipXpwyjAxQp0QGa0LQ=="
    }
  }
}
