{
  "name": "mcode-list",
  "version": "0.2.1",
  "lockfileVersion": 3,
  "requires": true,
  "packages": {
    "": {
      "name": "mcode-list",
      "version": "0.2.1",
      "license": "MIT",
      "dependencies": {
        "mcode-log": "^0.2.1"
      }
    },
    "node_modules/mcode-log": {
      "version": "0.2.1",
      "resolved": "https://registry.npmjs.org/mcode-log/-/mcode-log-0.2.1.tgz",
      "integrity": "sha512-z0VRfqnx7QcrDAXAS6+j1hXriknnQMDIk5i9oeearFT8Tzay0VTvPjtNXYYZUuOCQbFSqm0PgEtVYwxCZTakvQ=="
    }
  }
}
